Microsoft Visual Studio Solution File, Format Version 12.00
# Visual Studio Version 17
VisualStudioVersion = 17.3.32825.248
MinimumVisualStudioVersion = 10.0.40219.1
Project("{9A19103F-16F7-4668-BE54-9A1E7A4F7556}") = "Corund", "src\Corund\Corund.csproj", "{E066E12B-752F-4D31-885D-D430D0B9A9A0}"
EndProject
Project("{9A19103F-16F7-4668-BE54-9A1E7A4F7556}") = "Corund.Platform.Android", "src\Corund.Platform.Android\Corund.Platform.Android.csproj", "{117B9E3E-BF85-44B8-BD96-0FD2A3E831D5}"
EndProject
Project("{9A19103F-16F7-4668-BE54-9A1E7A4F7556}") = "Corund.Platform.iOS", "src\Corund.Platform.iOS\Corund.Platform.iOS.csproj", "{A5786AFA-5BCF-4100-908D-9671B5034BC5}"
EndProject
Project("{2150E333-8FDC-42A3-9474-1A3956D46DE8}") = "Examples", "Examples", "{65D9EAE2-FC38-420E-BDFC-B78084CD3835}"
EndProject
Project("{9A19103F-16F7-4668-BE54-9A1E7A4F7556}") = "AndroidSample", "examples\AndroidSample\AndroidSample.csproj", "{69789A41-4E5C-49E9-97DE-2F7589A3B90C}"
EndProject
Project("{9A19103F-16F7-4668-BE54-9A1E7A4F7556}") = "iOSSample", "examples\IOSSample\iOSSample.csproj", "{FAF47C4B-64C6-45A0-A8F2-3B1E2131A6A5}"
EndProject
Project("{2150E333-8FDC-42A3-9474-1A3956D46DE8}") = "Resources", "Resources", "{3416C55D-4227-4EEF-AD66-79861D9948E0}"
EndProject
Project("{2150E333-8FDC-42A3-9474-1A3956D46DE8}") = "Effects", "Effects", "{48933D54-7995-4B9E-AD06-E824680CD90E}"
	ProjectSection(SolutionItems) = preProject
		src\Resources\Effects\color-overlay.fx = src\Resources\Effects\color-overlay.fx
		src\Resources\Effects\desaturate.fx = src\Resources\Effects\desaturate.fx
		src\Resources\Effects\gauss-blur.fx = src\Resources\Effects\gauss-blur.fx
		src\Resources\Effects\radial-blur.fx = src\Resources\Effects\radial-blur.fx
		src\Resources\Effects\swirl.fx = src\Resources\Effects\swirl.fx
		src\Resources\Effects\texture-overlay.fx = src\Resources\Effects\texture-overlay.fx
	EndProjectSection
EndProject
Project("{2150E333-8FDC-42A3-9474-1A3956D46DE8}") = "Fonts", "Fonts", "{8572E263-1160-49CC-A780-21CC68591B61}"
	ProjectSection(SolutionItems) = preProject
		src\Resources\Fonts\default.spritefont = src\Resources\Fonts\default.spritefont
	EndProjectSection
EndProject
Project("{2150E333-8FDC-42A3-9474-1A3956D46DE8}") = "Solution Items", "Solution Items", "{04170508-4B97-49B1-98A6-8251EF4A3EAF}"
	ProjectSection(SolutionItems) = preProject
		.editorconfig = .editorconfig
	EndProjectSection
EndProject
Global
	GlobalSection(SolutionConfigurationPlatforms) = preSolution
		Debug|Any CPU = Debug|Any CPU
		Debug|ARM = Debug|ARM
		Debug|x64 = Debug|x64
		Debug|x86 = Debug|x86
		Release|Any CPU = Release|Any CPU
		Release|ARM = Release|ARM
		Release|x64 = Release|x64
		Release|x86 = Release|x86
	EndGlobalSection
	GlobalSection(ProjectConfigurationPlatforms) = postSolution
		{E066E12B-752F-4D31-885D-D430D0B9A9A0}.Debug|Any CPU.ActiveCfg = Debug|Any CPU
		{E066E12B-752F-4D31-885D-D430D0B9A9A0}.Debug|Any CPU.Build.0 = Debug|Any CPU
		{E066E12B-752F-4D31-885D-D430D0B9A9A0}.Debug|ARM.ActiveCfg = Debug|Any CPU
		{E066E12B-752F-4D31-885D-D430D0B9A9A0}.Debug|ARM.Build.0 = Debug|Any CPU
		{E066E12B-752F-4D31-885D-D430D0B9A9A0}.Debug|x64.ActiveCfg = Debug|Any CPU
		{E066E12B-752F-4D31-885D-D430D0B9A9A0}.Debug|x64.Build.0 = Debug|Any CPU
		{E066E12B-752F-4D31-885D-D430D0B9A9A0}.Debug|x86.ActiveCfg = Debug|Any CPU
		{E066E12B-752F-4D31-885D-D430D0B9A9A0}.Debug|x86.Build.0 = Debug|Any CPU
		{E066E12B-752F-4D31-885D-D430D0B9A9A0}.Release|Any CPU.ActiveCfg = Release|Any CPU
		{E066E12B-752F-4D31-885D-D430D0B9A9A0}.Release|Any CPU.Build.0 = Release|Any CPU
		{E066E12B-752F-4D31-885D-D430D0B9A9A0}.Release|ARM.ActiveCfg = Release|Any CPU
		{E066E12B-752F-4D31-885D-D430D0B9A9A0}.Release|ARM.Build.0 = Release|Any CPU
		{E066E12B-752F-4D31-885D-D430D0B9A9A0}.Release|x64.ActiveCfg = Release|Any CPU
		{E066E12B-752F-4D31-885D-D430D0B9A9A0}.Release|x64.Build.0 = Release|Any CPU
		{E066E12B-752F-4D31-885D-D430D0B9A9A0}.Release|x86.ActiveCfg = Release|Any CPU
		{E066E12B-752F-4D31-885D-D430D0B9A9A0}.Release|x86.Build.0 = Release|Any CPU
		{117B9E3E-BF85-44B8-BD96-0FD2A3E831D5}.Debug|Any CPU.ActiveCfg = Debug|Any CPU
		{117B9E3E-BF85-44B8-BD96-0FD2A3E831D5}.Debug|Any CPU.Build.0 = Debug|Any CPU
		{117B9E3E-BF85-44B8-BD96-0FD2A3E831D5}.Debug|ARM.ActiveCfg = Debug|Any CPU
		{117B9E3E-BF85-44B8-BD96-0FD2A3E831D5}.Debug|ARM.Build.0 = Debug|Any CPU
		{117B9E3E-BF85-44B8-BD96-0FD2A3E831D5}.Debug|x64.ActiveCfg = Debug|Any CPU
		{117B9E3E-BF85-44B8-BD96-0FD2A3E831D5}.Debug|x64.Build.0 = Debug|Any CPU
		{117B9E3E-BF85-44B8-BD96-0FD2A3E831D5}.Debug|x86.ActiveCfg = Debug|Any CPU
		{117B9E3E-BF85-44B8-BD96-0FD2A3E831D5}.Debug|x86.Build.0 = Debug|Any CPU
		{117B9E3E-BF85-44B8-BD96-0FD2A3E831D5}.Release|Any CPU.ActiveCfg = Release|Any CPU
		{117B9E3E-BF85-44B8-BD96-0FD2A3E831D5}.Release|Any CPU.Build.0 = Release|Any CPU
		{117B9E3E-BF85-44B8-BD96-0FD2A3E831D5}.Release|ARM.ActiveCfg = Release|Any CPU
		{117B9E3E-BF85-44B8-BD96-0FD2A3E831D5}.Release|ARM.Build.0 = Release|Any CPU
		{117B9E3E-BF85-44B8-BD96-0FD2A3E831D5}.Release|x64.ActiveCfg = Release|Any CPU
		{117B9E3E-BF85-44B8-BD96-0FD2A3E831D5}.Release|x64.Build.0 = Release|Any CPU
		{117B9E3E-BF85-44B8-BD96-0FD2A3E831D5}.Release|x86.ActiveCfg = Release|Any CPU
		{117B9E3E-BF85-44B8-BD96-0FD2A3E831D5}.Release|x86.Build.0 = Release|Any CPU
		{A5786AFA-5BCF-4100-908D-9671B5034BC5}.Debug|Any CPU.ActiveCfg = Debug|Any CPU
		{A5786AFA-5BCF-4100-908D-9671B5034BC5}.Debug|Any CPU.Build.0 = Debug|Any CPU
		{A5786AFA-5BCF-4100-908D-9671B5034BC5}.Debug|ARM.ActiveCfg = Debug|Any CPU
		{A5786AFA-5BCF-4100-908D-9671B5034BC5}.Debug|ARM.Build.0 = Debug|Any CPU
		{A5786AFA-5BCF-4100-908D-9671B5034BC5}.Debug|x64.ActiveCfg = Debug|Any CPU
		{A5786AFA-5BCF-4100-908D-9671B5034BC5}.Debug|x64.Build.0 = Debug|Any CPU
		{A5786AFA-5BCF-4100-908D-9671B5034BC5}.Debug|x86.ActiveCfg = Debug|Any CPU
		{A5786AFA-5BCF-4100-908D-9671B5034BC5}.Debug|x86.Build.0 = Debug|Any CPU
		{A5786AFA-5BCF-4100-908D-9671B5034BC5}.Release|Any CPU.ActiveCfg = Release|Any CPU
		{A5786AFA-5BCF-4100-908D-9671B5034BC5}.Release|Any CPU.Build.0 = Release|Any CPU
		{A5786AFA-5BCF-4100-908D-9671B5034BC5}.Release|ARM.ActiveCfg = Release|Any CPU
		{A5786AFA-5BCF-4100-908D-9671B5034BC5}.Release|ARM.Build.0 = Release|Any CPU
		{A5786AFA-5BCF-4100-908D-9671B5034BC5}.Release|x64.ActiveCfg = Release|Any CPU
		{A5786AFA-5BCF-4100-908D-9671B5034BC5}.Release|x64.Build.0 = Release|Any CPU
		{A5786AFA-5BCF-4100-908D-9671B5034BC5}.Release|x86.ActiveCfg = Release|Any CPU
		{A5786AFA-5BCF-4100-908D-9671B5034BC5}.Release|x86.Build.0 = Release|Any CPU
		{69789A41-4E5C-49E9-97DE-2F7589A3B90C}.Debug|Any CPU.ActiveCfg = Debug|Any CPU
		{69789A41-4E5C-49E9-97DE-2F7589A3B90C}.Debug|Any CPU.Build.0 = Debug|Any CPU
		{69789A41-4E5C-49E9-97DE-2F7589A3B90C}.Debug|Any CPU.Deploy.0 = Debug|Any CPU
		{69789A41-4E5C-49E9-97DE-2F7589A3B90C}.Debug|ARM.ActiveCfg = Debug|Any CPU
		{69789A41-4E5C-49E9-97DE-2F7589A3B90C}.Debug|ARM.Build.0 = Debug|Any CPU
		{69789A41-4E5C-49E9-97DE-2F7589A3B90C}.Debug|ARM.Deploy.0 = Debug|Any CPU
		{69789A41-4E5C-49E9-97DE-2F7589A3B90C}.Debug|x64.ActiveCfg = Debug|Any CPU
		{69789A41-4E5C-49E9-97DE-2F7589A3B90C}.Debug|x64.Build.0 = Debug|Any CPU
		{69789A41-4E5C-49E9-97DE-2F7589A3B90C}.Debug|x64.Deploy.0 = Debug|Any CPU
		{69789A41-4E5C-49E9-97DE-2F7589A3B90C}.Debug|x86.ActiveCfg = Debug|Any CPU
		{69789A41-4E5C-49E9-97DE-2F7589A3B90C}.Debug|x86.Build.0 = Debug|Any CPU
		{69789A41-4E5C-49E9-97DE-2F7589A3B90C}.Debug|x86.Deploy.0 = Debug|Any CPU
		{69789A41-4E5C-49E9-97DE-2F7589A3B90C}.Release|Any CPU.ActiveCfg = Release|Any CPU
		{69789A41-4E5C-49E9-97DE-2F7589A3B90C}.Release|Any CPU.Build.0 = Release|Any CPU
		{69789A41-4E5C-49E9-97DE-2F7589A3B90C}.Release|Any CPU.Deploy.0 = Release|Any CPU
		{69789A41-4E5C-49E9-97DE-2F7589A3B90C}.Release|ARM.ActiveCfg = Release|Any CPU
		{69789A41-4E5C-49E9-97DE-2F7589A3B90C}.Release|ARM.Build.0 = Release|Any CPU
		{69789A41-4E5C-49E9-97DE-2F7589A3B90C}.Release|ARM.Deploy.0 = Release|Any CPU
		{69789A41-4E5C-49E9-97DE-2F7589A3B90C}.Release|x64.ActiveCfg = Release|Any CPU
		{69789A41-4E5C-49E9-97DE-2F7589A3B90C}.Release|x64.Build.0 = Release|Any CPU
		{69789A41-4E5C-49E9-97DE-2F7589A3B90C}.Release|x64.Deploy.0 = Release|Any CPU
		{69789A41-4E5C-49E9-97DE-2F7589A3B90C}.Release|x86.ActiveCfg = Release|Any CPU
		{69789A41-4E5C-49E9-97DE-2F7589A3B90C}.Release|x86.Build.0 = Release|Any CPU
		{69789A41-4E5C-49E9-97DE-2F7589A3B90C}.Release|x86.Deploy.0 = Release|Any CPU
		{FAF47C4B-64C6-45A0-A8F2-3B1E2131A6A5}.Debug|Any CPU.ActiveCfg = Debug|Any CPU
		{FAF47C4B-64C6-45A0-A8F2-3B1E2131A6A5}.Debug|Any CPU.Build.0 = Debug|Any CPU
		{FAF47C4B-64C6-45A0-A8F2-3B1E2131A6A5}.Debug|Any CPU.Deploy.0 = Debug|Any CPU
		{FAF47C4B-64C6-45A0-A8F2-3B1E2131A6A5}.Debug|ARM.ActiveCfg = Debug|Any CPU
		{FAF47C4B-64C6-45A0-A8F2-3B1E2131A6A5}.Debug|ARM.Build.0 = Debug|Any CPU
		{FAF47C4B-64C6-45A0-A8F2-3B1E2131A6A5}.Debug|ARM.Deploy.0 = Debug|Any CPU
		{FAF47C4B-64C6-45A0-A8F2-3B1E2131A6A5}.Debug|x64.ActiveCfg = Debug|Any CPU
		{FAF47C4B-64C6-45A0-A8F2-3B1E2131A6A5}.Debug|x64.Build.0 = Debug|Any CPU
		{FAF47C4B-64C6-45A0-A8F2-3B1E2131A6A5}.Debug|x64.Deploy.0 = Debug|Any CPU
		{FAF47C4B-64C6-45A0-A8F2-3B1E2131A6A5}.Debug|x86.ActiveCfg = Debug|Any CPU
		{FAF47C4B-64C6-45A0-A8F2-3B1E2131A6A5}.Debug|x86.Build.0 = Debug|Any CPU
		{FAF47C4B-64C6-45A0-A8F2-3B1E2131A6A5}.Debug|x86.Deploy.0 = Debug|Any CPU
		{FAF47C4B-64C6-45A0-A8F2-3B1E2131A6A5}.Release|Any CPU.ActiveCfg = Release|Any CPU
		{FAF47C4B-64C6-45A0-A8F2-3B1E2131A6A5}.Release|Any CPU.Build.0 = Release|Any CPU
		{FAF47C4B-64C6-45A0-A8F2-3B1E2131A6A5}.Release|Any CPU.Deploy.0 = Release|Any CPU
		{FAF47C4B-64C6-45A0-A8F2-3B1E2131A6A5}.Release|ARM.ActiveCfg = Release|Any CPU
		{FAF47C4B-64C6-45A0-A8F2-3B1E2131A6A5}.Release|ARM.Build.0 = Release|Any CPU
		{FAF47C4B-64C6-45A0-A8F2-3B1E2131A6A5}.Release|ARM.Deploy.0 = Release|Any CPU
		{FAF47C4B-64C6-45A0-A8F2-3B1E2131A6A5}.Release|x64.ActiveCfg = Release|Any CPU
		{FAF47C4B-64C6-45A0-A8F2-3B1E2131A6A5}.Release|x64.Build.0 = Release|Any CPU
		{FAF47C4B-64C6-45A0-A8F2-3B1E2131A6A5}.Release|x64.Deploy.0 = Release|Any CPU
		{FAF47C4B-64C6-45A0-A8F2-3B1E2131A6A5}.Release|x86.ActiveCfg = Release|Any CPU
		{FAF47C4B-64C6-45A0-A8F2-3B1E2131A6A5}.Release|x86.Build.0 = Release|Any CPU
		{FAF47C4B-64C6-45A0-A8F2-3B1E2131A6A5}.Release|x86.Deploy.0 = Release|Any CPU
	EndGlobalSection
	GlobalSection(SolutionProperties) = preSolution
		HideSolutionNode = FALSE
	EndGlobalSection
	GlobalSection(NestedProjects) = preSolution
		{69789A41-4E5C-49E9-97DE-2F7589A3B90C} = {65D9EAE2-FC38-420E-BDFC-B78084CD3835}
		{FAF47C4B-64C6-45A0-A8F2-3B1E2131A6A5} = {65D9EAE2-FC38-420E-BDFC-B78084CD3835}
		{48933D54-7995-4B9E-AD06-E824680CD90E} = {3416C55D-4227-4EEF-AD66-79861D9948E0}
		{8572E263-1160-49CC-A780-21CC68591B61} = {3416C55D-4227-4EEF-AD66-79861D9948E0}
	EndGlobalSection
	GlobalSection(ExtensibilityGlobals) = postSolution
		SolutionGuid = {F488469F-A232-4F31-B973-CF10BE3A679D}
	EndGlobalSection
EndGlobal
