Microsoft Visual Studio Solution File, Format Version 12.00
# Visual Studio 15
VisualStudioVersion = 15.0.26730.15
MinimumVisualStudioVersion = 10.0.40219.1
Project("{FAE04EC0-301F-11D3-BF4B-00C04F79EFBC}") = "Corund", "Corund\Corund.csproj", "{4DE7642C-E0EA-4240-BBFB-D0B083F6AB43}"
EndProject
Project("{FAE04EC0-301F-11D3-BF4B-00C04F79EFBC}") = "Corund.Platform.Android", "Corund.Platform.Android\Corund.Platform.Android.csproj", "{7B7FD046-CB4E-4935-9455-C3576AD4416D}"
EndProject
Project("{FAE04EC0-301F-11D3-BF4B-00C04F79EFBC}") = "Corund.Platform.IOS", "Corund.Platform.IOS\Corund.Platform.IOS.csproj", "{DC368AA8-8096-4B36-B660-DE426F382683}"
EndProject
Project("{FAE04EC0-301F-11D3-BF4B-00C04F79EFBC}") = "Corund.Platform.UWP", "Corund.Platform.UWP\Corund.Platform.UWP.csproj", "{346348E8-2ACB-4EEB-8394-2A577D2DDB3A}"
EndProject
Project("{2150E333-8FDC-42A3-9474-1A3956D46DE8}") = "Corund.Content", "Corund.Content", "{1D1C265D-F298-46DD-A1CD-9EC097BD4BF1}"
EndProject
Project("{2150E333-8FDC-42A3-9474-1A3956D46DE8}") = "Effects", "Effects", "{74D4C7FA-AC06-4FCD-9EFE-94D69A562A8C}"
	ProjectSection(SolutionItems) = preProject
		Corund.Content\Effects\color-overlay.fx = Corund.Content\Effects\color-overlay.fx
		Corund.Content\Effects\desaturate.fx = Corund.Content\Effects\desaturate.fx
		Corund.Content\Effects\gauss-blur.fx = Corund.Content\Effects\gauss-blur.fx
		Corund.Content\Effects\radial-blur.fx = Corund.Content\Effects\radial-blur.fx
		Corund.Content\Effects\swirl.fx = Corund.Content\Effects\swirl.fx
		Corund.Content\Effects\texture-overlay.fx = Corund.Content\Effects\texture-overlay.fx
	EndProjectSection
EndProject
Project("{2150E333-8FDC-42A3-9474-1A3956D46DE8}") = "Fonts", "Fonts", "{DC1E826A-990E-443F-B0B5-217898AB9D77}"
	ProjectSection(SolutionItems) = preProject
		Corund.Content\Fonts\default.spritefont = Corund.Content\Fonts\default.spritefont
	EndProjectSection
EndProject
Global
	GlobalSection(SolutionConfigurationPlatforms) = preSolution
		Ad-Hoc|Any CPU = Ad-Hoc|Any CPU
		Ad-Hoc|ARM = Ad-Hoc|ARM
		Ad-Hoc|iPhone = Ad-Hoc|iPhone
		Ad-Hoc|iPhoneSimulator = Ad-Hoc|iPhoneSimulator
		Ad-Hoc|x64 = Ad-Hoc|x64
		Ad-Hoc|x86 = Ad-Hoc|x86
		AppStore|Any CPU = AppStore|Any CPU
		AppStore|ARM = AppStore|ARM
		AppStore|iPhone = AppStore|iPhone
		AppStore|iPhoneSimulator = AppStore|iPhoneSimulator
		AppStore|x64 = AppStore|x64
		AppStore|x86 = AppStore|x86
		Debug|Any CPU = Debug|Any CPU
		Debug|ARM = Debug|ARM
		Debug|iPhone = Debug|iPhone
		Debug|iPhoneSimulator = Debug|iPhoneSimulator
		Debug|x64 = Debug|x64
		Debug|x86 = Debug|x86
		Release|Any CPU = Release|Any CPU
		Release|ARM = Release|ARM
		Release|iPhone = Release|iPhone
		Release|iPhoneSimulator = Release|iPhoneSimulator
		Release|x64 = Release|x64
		Release|x86 = Release|x86
	EndGlobalSection
	GlobalSection(ProjectConfigurationPlatforms) = postSolution
		{4DE7642C-E0EA-4240-BBFB-D0B083F6AB43}.Ad-Hoc|Any CPU.ActiveCfg = Release|Any CPU
		{4DE7642C-E0EA-4240-BBFB-D0B083F6AB43}.Ad-Hoc|Any CPU.Build.0 = Release|Any CPU
		{4DE7642C-E0EA-4240-BBFB-D0B083F6AB43}.Ad-Hoc|ARM.ActiveCfg = Release|Any CPU
		{4DE7642C-E0EA-4240-BBFB-D0B083F6AB43}.Ad-Hoc|ARM.Build.0 = Release|Any CPU
		{4DE7642C-E0EA-4240-BBFB-D0B083F6AB43}.Ad-Hoc|iPhone.ActiveCfg = Release|Any CPU
		{4DE7642C-E0EA-4240-BBFB-D0B083F6AB43}.Ad-Hoc|iPhone.Build.0 = Release|Any CPU
		{4DE7642C-E0EA-4240-BBFB-D0B083F6AB43}.Ad-Hoc|iPhoneSimulator.ActiveCfg = Release|Any CPU
		{4DE7642C-E0EA-4240-BBFB-D0B083F6AB43}.Ad-Hoc|iPhoneSimulator.Build.0 = Release|Any CPU
		{4DE7642C-E0EA-4240-BBFB-D0B083F6AB43}.Ad-Hoc|x64.ActiveCfg = Debug|Any CPU
		{4DE7642C-E0EA-4240-BBFB-D0B083F6AB43}.Ad-Hoc|x64.Build.0 = Debug|Any CPU
		{4DE7642C-E0EA-4240-BBFB-D0B083F6AB43}.Ad-Hoc|x86.ActiveCfg = Release|Any CPU
		{4DE7642C-E0EA-4240-BBFB-D0B083F6AB43}.Ad-Hoc|x86.Build.0 = Release|Any CPU
		{4DE7642C-E0EA-4240-BBFB-D0B083F6AB43}.AppStore|Any CPU.ActiveCfg = Release|Any CPU
		{4DE7642C-E0EA-4240-BBFB-D0B083F6AB43}.AppStore|Any CPU.Build.0 = Release|Any CPU
		{4DE7642C-E0EA-4240-BBFB-D0B083F6AB43}.AppStore|ARM.ActiveCfg = Release|Any CPU
		{4DE7642C-E0EA-4240-BBFB-D0B083F6AB43}.AppStore|ARM.Build.0 = Release|Any CPU
		{4DE7642C-E0EA-4240-BBFB-D0B083F6AB43}.AppStore|iPhone.ActiveCfg = Release|Any CPU
		{4DE7642C-E0EA-4240-BBFB-D0B083F6AB43}.AppStore|iPhone.Build.0 = Release|Any CPU
		{4DE7642C-E0EA-4240-BBFB-D0B083F6AB43}.AppStore|iPhoneSimulator.ActiveCfg = Release|Any CPU
		{4DE7642C-E0EA-4240-BBFB-D0B083F6AB43}.AppStore|iPhoneSimulator.Build.0 = Release|Any CPU
		{4DE7642C-E0EA-4240-BBFB-D0B083F6AB43}.AppStore|x64.ActiveCfg = Debug|Any CPU
		{4DE7642C-E0EA-4240-BBFB-D0B083F6AB43}.AppStore|x64.Build.0 = Debug|Any CPU
		{4DE7642C-E0EA-4240-BBFB-D0B083F6AB43}.AppStore|x86.ActiveCfg = Release|Any CPU
		{4DE7642C-E0EA-4240-BBFB-D0B083F6AB43}.AppStore|x86.Build.0 = Release|Any CPU
		{4DE7642C-E0EA-4240-BBFB-D0B083F6AB43}.Debug|Any CPU.ActiveCfg = Debug|Any CPU
		{4DE7642C-E0EA-4240-BBFB-D0B083F6AB43}.Debug|Any CPU.Build.0 = Debug|Any CPU
		{4DE7642C-E0EA-4240-BBFB-D0B083F6AB43}.Debug|ARM.ActiveCfg = Debug|Any CPU
		{4DE7642C-E0EA-4240-BBFB-D0B083F6AB43}.Debug|ARM.Build.0 = Debug|Any CPU
		{4DE7642C-E0EA-4240-BBFB-D0B083F6AB43}.Debug|iPhone.ActiveCfg = Debug|Any CPU
		{4DE7642C-E0EA-4240-BBFB-D0B083F6AB43}.Debug|iPhone.Build.0 = Debug|Any CPU
		{4DE7642C-E0EA-4240-BBFB-D0B083F6AB43}.Debug|iPhoneSimulator.ActiveCfg = Debug|Any CPU
		{4DE7642C-E0EA-4240-BBFB-D0B083F6AB43}.Debug|iPhoneSimulator.Build.0 = Debug|Any CPU
		{4DE7642C-E0EA-4240-BBFB-D0B083F6AB43}.Debug|x64.ActiveCfg = Debug|Any CPU
		{4DE7642C-E0EA-4240-BBFB-D0B083F6AB43}.Debug|x64.Build.0 = Debug|Any CPU
		{4DE7642C-E0EA-4240-BBFB-D0B083F6AB43}.Debug|x86.ActiveCfg = Debug|Any CPU
		{4DE7642C-E0EA-4240-BBFB-D0B083F6AB43}.Debug|x86.Build.0 = Debug|Any CPU
		{4DE7642C-E0EA-4240-BBFB-D0B083F6AB43}.Release|Any CPU.ActiveCfg = Release|Any CPU
		{4DE7642C-E0EA-4240-BBFB-D0B083F6AB43}.Release|Any CPU.Build.0 = Release|Any CPU
		{4DE7642C-E0EA-4240-BBFB-D0B083F6AB43}.Release|ARM.ActiveCfg = Release|Any CPU
		{4DE7642C-E0EA-4240-BBFB-D0B083F6AB43}.Release|ARM.Build.0 = Release|Any CPU
		{4DE7642C-E0EA-4240-BBFB-D0B083F6AB43}.Release|iPhone.ActiveCfg = Release|Any CPU
		{4DE7642C-E0EA-4240-BBFB-D0B083F6AB43}.Release|iPhone.Build.0 = Release|Any CPU
		{4DE7642C-E0EA-4240-BBFB-D0B083F6AB43}.Release|iPhoneSimulator.ActiveCfg = Release|Any CPU
		{4DE7642C-E0EA-4240-BBFB-D0B083F6AB43}.Release|iPhoneSimulator.Build.0 = Release|Any CPU
		{4DE7642C-E0EA-4240-BBFB-D0B083F6AB43}.Release|x64.ActiveCfg = Release|Any CPU
		{4DE7642C-E0EA-4240-BBFB-D0B083F6AB43}.Release|x64.Build.0 = Release|Any CPU
		{4DE7642C-E0EA-4240-BBFB-D0B083F6AB43}.Release|x86.ActiveCfg = Release|Any CPU
		{4DE7642C-E0EA-4240-BBFB-D0B083F6AB43}.Release|x86.Build.0 = Release|Any CPU
		{7B7FD046-CB4E-4935-9455-C3576AD4416D}.Ad-Hoc|Any CPU.ActiveCfg = Release|Any CPU
		{7B7FD046-CB4E-4935-9455-C3576AD4416D}.Ad-Hoc|Any CPU.Build.0 = Release|Any CPU
		{7B7FD046-CB4E-4935-9455-C3576AD4416D}.Ad-Hoc|ARM.ActiveCfg = Release|Any CPU
		{7B7FD046-CB4E-4935-9455-C3576AD4416D}.Ad-Hoc|ARM.Build.0 = Release|Any CPU
		{7B7FD046-CB4E-4935-9455-C3576AD4416D}.Ad-Hoc|iPhone.ActiveCfg = Release|Any CPU
		{7B7FD046-CB4E-4935-9455-C3576AD4416D}.Ad-Hoc|iPhone.Build.0 = Release|Any CPU
		{7B7FD046-CB4E-4935-9455-C3576AD4416D}.Ad-Hoc|iPhoneSimulator.ActiveCfg = Release|Any CPU
		{7B7FD046-CB4E-4935-9455-C3576AD4416D}.Ad-Hoc|iPhoneSimulator.Build.0 = Release|Any CPU
		{7B7FD046-CB4E-4935-9455-C3576AD4416D}.Ad-Hoc|x64.ActiveCfg = Debug|Any CPU
		{7B7FD046-CB4E-4935-9455-C3576AD4416D}.Ad-Hoc|x64.Build.0 = Debug|Any CPU
		{7B7FD046-CB4E-4935-9455-C3576AD4416D}.Ad-Hoc|x86.ActiveCfg = Release|Any CPU
		{7B7FD046-CB4E-4935-9455-C3576AD4416D}.Ad-Hoc|x86.Build.0 = Release|Any CPU
		{7B7FD046-CB4E-4935-9455-C3576AD4416D}.AppStore|Any CPU.ActiveCfg = Release|Any CPU
		{7B7FD046-CB4E-4935-9455-C3576AD4416D}.AppStore|Any CPU.Build.0 = Release|Any CPU
		{7B7FD046-CB4E-4935-9455-C3576AD4416D}.AppStore|ARM.ActiveCfg = Release|Any CPU
		{7B7FD046-CB4E-4935-9455-C3576AD4416D}.AppStore|ARM.Build.0 = Release|Any CPU
		{7B7FD046-CB4E-4935-9455-C3576AD4416D}.AppStore|iPhone.ActiveCfg = Release|Any CPU
		{7B7FD046-CB4E-4935-9455-C3576AD4416D}.AppStore|iPhone.Build.0 = Release|Any CPU
		{7B7FD046-CB4E-4935-9455-C3576AD4416D}.AppStore|iPhoneSimulator.ActiveCfg = Release|Any CPU
		{7B7FD046-CB4E-4935-9455-C3576AD4416D}.AppStore|iPhoneSimulator.Build.0 = Release|Any CPU
		{7B7FD046-CB4E-4935-9455-C3576AD4416D}.AppStore|x64.ActiveCfg = Debug|Any CPU
		{7B7FD046-CB4E-4935-9455-C3576AD4416D}.AppStore|x64.Build.0 = Debug|Any CPU
		{7B7FD046-CB4E-4935-9455-C3576AD4416D}.AppStore|x86.ActiveCfg = Release|Any CPU
		{7B7FD046-CB4E-4935-9455-C3576AD4416D}.AppStore|x86.Build.0 = Release|Any CPU
		{7B7FD046-CB4E-4935-9455-C3576AD4416D}.Debug|Any CPU.ActiveCfg = Debug|Any CPU
		{7B7FD046-CB4E-4935-9455-C3576AD4416D}.Debug|Any CPU.Build.0 = Debug|Any CPU
		{7B7FD046-CB4E-4935-9455-C3576AD4416D}.Debug|Any CPU.Deploy.0 = Debug|Any CPU
		{7B7FD046-CB4E-4935-9455-C3576AD4416D}.Debug|ARM.ActiveCfg = Debug|Any CPU
		{7B7FD046-CB4E-4935-9455-C3576AD4416D}.Debug|ARM.Build.0 = Debug|Any CPU
		{7B7FD046-CB4E-4935-9455-C3576AD4416D}.Debug|ARM.Deploy.0 = Debug|Any CPU
		{7B7FD046-CB4E-4935-9455-C3576AD4416D}.Debug|iPhone.ActiveCfg = Debug|Any CPU
		{7B7FD046-CB4E-4935-9455-C3576AD4416D}.Debug|iPhone.Build.0 = Debug|Any CPU
		{7B7FD046-CB4E-4935-9455-C3576AD4416D}.Debug|iPhoneSimulator.ActiveCfg = Debug|Any CPU
		{7B7FD046-CB4E-4935-9455-C3576AD4416D}.Debug|iPhoneSimulator.Build.0 = Debug|Any CPU
		{7B7FD046-CB4E-4935-9455-C3576AD4416D}.Debug|x64.ActiveCfg = Debug|Any CPU
		{7B7FD046-CB4E-4935-9455-C3576AD4416D}.Debug|x64.Build.0 = Debug|Any CPU
		{7B7FD046-CB4E-4935-9455-C3576AD4416D}.Debug|x86.ActiveCfg = Debug|Any CPU
		{7B7FD046-CB4E-4935-9455-C3576AD4416D}.Debug|x86.Build.0 = Debug|Any CPU
		{7B7FD046-CB4E-4935-9455-C3576AD4416D}.Debug|x86.Deploy.0 = Debug|Any CPU
		{7B7FD046-CB4E-4935-9455-C3576AD4416D}.Release|Any CPU.ActiveCfg = Release|Any CPU
		{7B7FD046-CB4E-4935-9455-C3576AD4416D}.Release|Any CPU.Build.0 = Release|Any CPU
		{7B7FD046-CB4E-4935-9455-C3576AD4416D}.Release|Any CPU.Deploy.0 = Release|Any CPU
		{7B7FD046-CB4E-4935-9455-C3576AD4416D}.Release|ARM.ActiveCfg = Release|Any CPU
		{7B7FD046-CB4E-4935-9455-C3576AD4416D}.Release|ARM.Build.0 = Release|Any CPU
		{7B7FD046-CB4E-4935-9455-C3576AD4416D}.Release|ARM.Deploy.0 = Release|Any CPU
		{7B7FD046-CB4E-4935-9455-C3576AD4416D}.Release|iPhone.ActiveCfg = Release|Any CPU
		{7B7FD046-CB4E-4935-9455-C3576AD4416D}.Release|iPhone.Build.0 = Release|Any CPU
		{7B7FD046-CB4E-4935-9455-C3576AD4416D}.Release|iPhoneSimulator.ActiveCfg = Release|Any CPU
		{7B7FD046-CB4E-4935-9455-C3576AD4416D}.Release|iPhoneSimulator.Build.0 = Release|Any CPU
		{7B7FD046-CB4E-4935-9455-C3576AD4416D}.Release|x64.ActiveCfg = Release|Any CPU
		{7B7FD046-CB4E-4935-9455-C3576AD4416D}.Release|x64.Build.0 = Release|Any CPU
		{7B7FD046-CB4E-4935-9455-C3576AD4416D}.Release|x86.ActiveCfg = Release|Any CPU
		{7B7FD046-CB4E-4935-9455-C3576AD4416D}.Release|x86.Build.0 = Release|Any CPU
		{7B7FD046-CB4E-4935-9455-C3576AD4416D}.Release|x86.Deploy.0 = Release|Any CPU
		{DC368AA8-8096-4B36-B660-DE426F382683}.Ad-Hoc|Any CPU.ActiveCfg = Ad-Hoc|iPhone
		{DC368AA8-8096-4B36-B660-DE426F382683}.Ad-Hoc|ARM.ActiveCfg = Ad-Hoc|iPhone
		{DC368AA8-8096-4B36-B660-DE426F382683}.Ad-Hoc|iPhone.ActiveCfg = Ad-Hoc|iPhone
		{DC368AA8-8096-4B36-B660-DE426F382683}.Ad-Hoc|iPhone.Build.0 = Ad-Hoc|iPhone
		{DC368AA8-8096-4B36-B660-DE426F382683}.Ad-Hoc|iPhoneSimulator.ActiveCfg = Ad-Hoc|iPhoneSimulator
		{DC368AA8-8096-4B36-B660-DE426F382683}.Ad-Hoc|iPhoneSimulator.Build.0 = Ad-Hoc|iPhoneSimulator
		{DC368AA8-8096-4B36-B660-DE426F382683}.Ad-Hoc|x64.ActiveCfg = Ad-Hoc|iPhoneSimulator
		{DC368AA8-8096-4B36-B660-DE426F382683}.Ad-Hoc|x86.ActiveCfg = Ad-Hoc|iPhone
		{DC368AA8-8096-4B36-B660-DE426F382683}.AppStore|Any CPU.ActiveCfg = AppStore|iPhone
		{DC368AA8-8096-4B36-B660-DE426F382683}.AppStore|ARM.ActiveCfg = AppStore|iPhone
		{DC368AA8-8096-4B36-B660-DE426F382683}.AppStore|iPhone.ActiveCfg = AppStore|iPhone
		{DC368AA8-8096-4B36-B660-DE426F382683}.AppStore|iPhone.Build.0 = AppStore|iPhone
		{DC368AA8-8096-4B36-B660-DE426F382683}.AppStore|iPhoneSimulator.ActiveCfg = AppStore|iPhoneSimulator
		{DC368AA8-8096-4B36-B660-DE426F382683}.AppStore|iPhoneSimulator.Build.0 = AppStore|iPhoneSimulator
		{DC368AA8-8096-4B36-B660-DE426F382683}.AppStore|x64.ActiveCfg = AppStore|iPhoneSimulator
		{DC368AA8-8096-4B36-B660-DE426F382683}.AppStore|x86.ActiveCfg = AppStore|iPhone
		{DC368AA8-8096-4B36-B660-DE426F382683}.Debug|Any CPU.ActiveCfg = Debug|iPhone
		{DC368AA8-8096-4B36-B660-DE426F382683}.Debug|ARM.ActiveCfg = Debug|iPhone
		{DC368AA8-8096-4B36-B660-DE426F382683}.Debug|iPhone.ActiveCfg = Debug|iPhone
		{DC368AA8-8096-4B36-B660-DE426F382683}.Debug|iPhone.Build.0 = Debug|iPhone
		{DC368AA8-8096-4B36-B660-DE426F382683}.Debug|iPhoneSimulator.ActiveCfg = Debug|iPhoneSimulator
		{DC368AA8-8096-4B36-B660-DE426F382683}.Debug|iPhoneSimulator.Build.0 = Debug|iPhoneSimulator
		{DC368AA8-8096-4B36-B660-DE426F382683}.Debug|x64.ActiveCfg = Debug|iPhoneSimulator
		{DC368AA8-8096-4B36-B660-DE426F382683}.Debug|x86.ActiveCfg = Debug|iPhone
		{DC368AA8-8096-4B36-B660-DE426F382683}.Release|Any CPU.ActiveCfg = Release|iPhone
		{DC368AA8-8096-4B36-B660-DE426F382683}.Release|ARM.ActiveCfg = Release|iPhone
		{DC368AA8-8096-4B36-B660-DE426F382683}.Release|iPhone.ActiveCfg = Release|iPhone
		{DC368AA8-8096-4B36-B660-DE426F382683}.Release|iPhone.Build.0 = Release|iPhone
		{DC368AA8-8096-4B36-B660-DE426F382683}.Release|iPhoneSimulator.ActiveCfg = Release|iPhoneSimulator
		{DC368AA8-8096-4B36-B660-DE426F382683}.Release|iPhoneSimulator.Build.0 = Release|iPhoneSimulator
		{DC368AA8-8096-4B36-B660-DE426F382683}.Release|x64.ActiveCfg = Release|iPhoneSimulator
		{DC368AA8-8096-4B36-B660-DE426F382683}.Release|x86.ActiveCfg = Release|iPhone
		{346348E8-2ACB-4EEB-8394-2A577D2DDB3A}.Ad-Hoc|Any CPU.ActiveCfg = Release|Any CPU
		{346348E8-2ACB-4EEB-8394-2A577D2DDB3A}.Ad-Hoc|Any CPU.Build.0 = Release|Any CPU
		{346348E8-2ACB-4EEB-8394-2A577D2DDB3A}.Ad-Hoc|ARM.ActiveCfg = Release|ARM
		{346348E8-2ACB-4EEB-8394-2A577D2DDB3A}.Ad-Hoc|ARM.Build.0 = Release|ARM
		{346348E8-2ACB-4EEB-8394-2A577D2DDB3A}.Ad-Hoc|iPhone.ActiveCfg = Release|Any CPU
		{346348E8-2ACB-4EEB-8394-2A577D2DDB3A}.Ad-Hoc|iPhone.Build.0 = Release|Any CPU
		{346348E8-2ACB-4EEB-8394-2A577D2DDB3A}.Ad-Hoc|iPhoneSimulator.ActiveCfg = Release|Any CPU
		{346348E8-2ACB-4EEB-8394-2A577D2DDB3A}.Ad-Hoc|iPhoneSimulator.Build.0 = Release|Any CPU
		{346348E8-2ACB-4EEB-8394-2A577D2DDB3A}.Ad-Hoc|x64.ActiveCfg = Release|x64
		{346348E8-2ACB-4EEB-8394-2A577D2DDB3A}.Ad-Hoc|x64.Build.0 = Release|x64
		{346348E8-2ACB-4EEB-8394-2A577D2DDB3A}.Ad-Hoc|x86.ActiveCfg = Release|x86
		{346348E8-2ACB-4EEB-8394-2A577D2DDB3A}.Ad-Hoc|x86.Build.0 = Release|x86
		{346348E8-2ACB-4EEB-8394-2A577D2DDB3A}.AppStore|Any CPU.ActiveCfg = Release|Any CPU
		{346348E8-2ACB-4EEB-8394-2A577D2DDB3A}.AppStore|Any CPU.Build.0 = Release|Any CPU
		{346348E8-2ACB-4EEB-8394-2A577D2DDB3A}.AppStore|ARM.ActiveCfg = Release|ARM
		{346348E8-2ACB-4EEB-8394-2A577D2DDB3A}.AppStore|ARM.Build.0 = Release|ARM
		{346348E8-2ACB-4EEB-8394-2A577D2DDB3A}.AppStore|iPhone.ActiveCfg = Release|Any CPU
		{346348E8-2ACB-4EEB-8394-2A577D2DDB3A}.AppStore|iPhone.Build.0 = Release|Any CPU
		{346348E8-2ACB-4EEB-8394-2A577D2DDB3A}.AppStore|iPhoneSimulator.ActiveCfg = Release|Any CPU
		{346348E8-2ACB-4EEB-8394-2A577D2DDB3A}.AppStore|iPhoneSimulator.Build.0 = Release|Any CPU
		{346348E8-2ACB-4EEB-8394-2A577D2DDB3A}.AppStore|x64.ActiveCfg = Release|x64
		{346348E8-2ACB-4EEB-8394-2A577D2DDB3A}.AppStore|x64.Build.0 = Release|x64
		{346348E8-2ACB-4EEB-8394-2A577D2DDB3A}.AppStore|x86.ActiveCfg = Release|x86
		{346348E8-2ACB-4EEB-8394-2A577D2DDB3A}.AppStore|x86.Build.0 = Release|x86
		{346348E8-2ACB-4EEB-8394-2A577D2DDB3A}.Debug|Any CPU.ActiveCfg = Debug|Any CPU
		{346348E8-2ACB-4EEB-8394-2A577D2DDB3A}.Debug|Any CPU.Build.0 = Debug|Any CPU
		{346348E8-2ACB-4EEB-8394-2A577D2DDB3A}.Debug|ARM.ActiveCfg = Debug|ARM
		{346348E8-2ACB-4EEB-8394-2A577D2DDB3A}.Debug|ARM.Build.0 = Debug|ARM
		{346348E8-2ACB-4EEB-8394-2A577D2DDB3A}.Debug|iPhone.ActiveCfg = Debug|Any CPU
		{346348E8-2ACB-4EEB-8394-2A577D2DDB3A}.Debug|iPhone.Build.0 = Debug|Any CPU
		{346348E8-2ACB-4EEB-8394-2A577D2DDB3A}.Debug|iPhoneSimulator.ActiveCfg = Debug|Any CPU
		{346348E8-2ACB-4EEB-8394-2A577D2DDB3A}.Debug|iPhoneSimulator.Build.0 = Debug|Any CPU
		{346348E8-2ACB-4EEB-8394-2A577D2DDB3A}.Debug|x64.ActiveCfg = Debug|x64
		{346348E8-2ACB-4EEB-8394-2A577D2DDB3A}.Debug|x64.Build.0 = Debug|x64
		{346348E8-2ACB-4EEB-8394-2A577D2DDB3A}.Debug|x86.ActiveCfg = Debug|x86
		{346348E8-2ACB-4EEB-8394-2A577D2DDB3A}.Debug|x86.Build.0 = Debug|x86
		{346348E8-2ACB-4EEB-8394-2A577D2DDB3A}.Release|Any CPU.ActiveCfg = Release|Any CPU
		{346348E8-2ACB-4EEB-8394-2A577D2DDB3A}.Release|Any CPU.Build.0 = Release|Any CPU
		{346348E8-2ACB-4EEB-8394-2A577D2DDB3A}.Release|ARM.ActiveCfg = Release|ARM
		{346348E8-2ACB-4EEB-8394-2A577D2DDB3A}.Release|ARM.Build.0 = Release|ARM
		{346348E8-2ACB-4EEB-8394-2A577D2DDB3A}.Release|iPhone.ActiveCfg = Release|Any CPU
		{346348E8-2ACB-4EEB-8394-2A577D2DDB3A}.Release|iPhone.Build.0 = Release|Any CPU
		{346348E8-2ACB-4EEB-8394-2A577D2DDB3A}.Release|iPhoneSimulator.ActiveCfg = Release|Any CPU
		{346348E8-2ACB-4EEB-8394-2A577D2DDB3A}.Release|iPhoneSimulator.Build.0 = Release|Any CPU
		{346348E8-2ACB-4EEB-8394-2A577D2DDB3A}.Release|x64.ActiveCfg = Release|x64
		{346348E8-2ACB-4EEB-8394-2A577D2DDB3A}.Release|x64.Build.0 = Release|x64
		{346348E8-2ACB-4EEB-8394-2A577D2DDB3A}.Release|x86.ActiveCfg = Release|x86
		{346348E8-2ACB-4EEB-8394-2A577D2DDB3A}.Release|x86.Build.0 = Release|x86
	EndGlobalSection
	GlobalSection(SolutionProperties) = preSolution
		HideSolutionNode = FALSE
	EndGlobalSection
	GlobalSection(NestedProjects) = preSolution
		{74D4C7FA-AC06-4FCD-9EFE-94D69A562A8C} = {1D1C265D-F298-46DD-A1CD-9EC097BD4BF1}
		{DC1E826A-990E-443F-B0B5-217898AB9D77} = {1D1C265D-F298-46DD-A1CD-9EC097BD4BF1}
	EndGlobalSection
	GlobalSection(ExtensibilityGlobals) = postSolution
		SolutionGuid = {B6F9E055-49D6-4489-9FA9-3FF76C000967}
	EndGlobalSection
EndGlobal
